Microsoft Visual Studio Solution File, Format Version 12.00
# Visual Studio 15
VisualStudioVersion = 15.0.27428.2005
MinimumVisualStudioVersion = 10.0.40219.1
Project("{FAE04EC0-301F-11D3-BF4B-00C04F79EFBC}") = "THMHJ", "THMHJ.csproj", "{E8C845CC-8EE2-4EB9-BBF5-C9067C7055A9}"
EndProject
Global
	GlobalSection(SolutionConfigurationPlatforms) = preSolution
		Debug|Any CPU = Debug|Any CPU
		Release|Any CPU = Release|Any CPU
	EndGlobalSection
	GlobalSection(ProjectConfigurationPlatforms) = postSolution
		{E8C845CC-8EE2-4EB9-BBF5-C9067C7055A9}.Debug|Any CPU.ActiveCfg = Debug|Any CPU
		{E8C845CC-8EE2-4EB9-BBF5-C9067C7055A9}.Debug|Any CPU.Build.0 = Debug|Any CPU
		{E8C845CC-8EE2-4EB9-BBF5-C9067C7055A9}.Release|Any CPU.ActiveCfg = Release|Any CPU
		{E8C845CC-8EE2-4EB9-BBF5-C9067C7055A9}.Release|Any CPU.Build.0 = Release|Any CPU
	EndGlobalSection
	GlobalSection(SolutionProperties) = preSolution
		HideSolutionNode = FALSE
	EndGlobalSection
	GlobalSection(ExtensibilityGlobals) = postSolution
		SolutionGuid = {5E1AFB43-635D-4567-9FF3-527B36FF012C}
	EndGlobalSection
EndGlobal
