
Microsoft Visual Studio Solution File, Format Version 10.00
# Visual Studio 2008
Project("{FAE04EC0-301F-11D3-BF4B-00C04F79EFBC}") = "THSSS", "THSSS_E.csproj", "{0075A171-A5E8-4A63-B253-4CCE432629EC}"
EndProject
Global
	GlobalSection(SolutionConfigurationPlatforms) = preSolution
		Debug|Any CPU = Debug|Any CPU
		Release|Any CPU = Release|Any CPU
	EndGlobalSection
	GlobalSection(ProjectConfigurationPlatforms) = postSolution
		{0075A171-A5E8-4A63-B253-4CCE432629EC}.Debug|Any CPU.ActiveCfg = Debug|Any CPU
		{0075A171-A5E8-4A63-B253-4CCE432629EC}.Debug|Any CPU.Build.0 = Debug|Any CPU
		{0075A171-A5E8-4A63-B253-4CCE432629EC}.Release|Any CPU.ActiveCfg = Release|Any CPU
		{0075A171-A5E8-4A63-B253-4CCE432629EC}.Release|Any CPU.Build.0 = Release|Any CPU
	EndGlobalSection
	GlobalSection(SolutionProperties) = preSolution
		HideSolutionNode = FALSE
	EndGlobalSection
EndGlobal
